{
  "pins" : [
    {
      "identity" : "aliaswonderland",
      "kind" : "remoteSourceControl",
      "location" : "https://github.com/sloik/AliasWonderland.git",
      "state" : {
        "revision" : "29951552c3b6265a8f1ef8904ca39a40f78b1ea6",
        "version" : "4.0.1"
      }
    },
    {
      "identity" : "optionalapi",
      "kind" : "remoteSourceControl",
      "location" : "https://github.com/sloik/OptionalAPI.git",
      "state" : {
        "revision" : "068491d82d6453f447b7b8522fe8e744abbd683e",
        "version" : "5.2.0"
      }
    }
  ],
  "version" : 2
}
