{
  "pins" : [
    {
      "identity" : "aliaswonderland",
      "kind" : "remoteSourceControl",
      "location" : "https://github.com/sloik/AliasWonderland.git",
      "state" : {
        "revision" : "46f7667556438502bbc1f7bcf05aae03f1ee4e98",
        "version" : "4.0.0"
      }
    },
    {
      "identity" : "optionalapi",
      "kind" : "remoteSourceControl",
      "location" : "https://github.com/sloik/OptionalAPI.git",
      "state" : {
        "revision" : "ec30267576e00f36fdcd53f1d050abbfa8f716ec",
        "version" : "5.1.2"
      }
    }
  ],
  "version" : 2
}
