{
  "pins" : [
    {
      "identity" : "aliaswonderland",
      "kind" : "remoteSourceControl",
      "location" : "https://github.com/sloik/AliasWonderland.git",
      "state" : {
        "revision" : "504057f36c7afc1eb06a5254a2c04e5bf96e66f4",
        "version" : "3.6.3"
      }
    },
    {
      "identity" : "swift-http-types",
      "kind" : "remoteSourceControl",
      "location" : "https://github.com/apple/swift-http-types.git",
      "state" : {
        "revision" : "1827dc94bdab2eb5f2fc804e9b0cb43574282566",
        "version" : "1.0.2"
      }
    }
  ],
  "version" : 2
}
