// !$*UTF8*$!
{
	archiveVersion = 1;
	classes = {
	};
	objectVersion = 60;
	objects = {

/* Begin PBXBuildFile section */
		648B3F532AC3574500941A25 /* KeychainWrapperDemoApp.swift in Sources */ = {isa = PBXBuildFile; fileRef = 648B3F522AC3574500941A25 /* KeychainWrapperDemoApp.swift */; };
		648B3F552AC3574500941A25 /* ContentView.swift in Sources */ = {isa = PBXBuildFile; fileRef = 648B3F542AC3574500941A25 /* ContentView.swift */; };
		648B3F572AC3574600941A25 /* Assets.xcassets in Resources */ = {isa = PBXBuildFile; fileRef = 648B3F562AC3574600941A25 /* Assets.xcassets */; };
		648B3F5A2AC3574600941A25 /* Preview Assets.xcassets in Resources */ = {isa = PBXBuildFile; fileRef = 648B3F592AC3574600941A25 /* Preview Assets.xcassets */; };
		648B3F642AC3574600941A25 /* KeychainWrapperDemoTests.swift in Sources */ = {isa = PBXBuildFile; fileRef = 648B3F632AC3574600941A25 /* KeychainWrapperDemoTests.swift */; };
		64D75D342ADDB72E004D641F /* KeychainWrapper in Frameworks */ = {isa = PBXBuildFile; productRef = 64D75D332ADDB72E004D641F /* KeychainWrapper */; };
		64D75D352ADDB72E004D641F /* KeychainWrapper in Embed Frameworks */ = {isa = PBXBuildFile; productRef = 64D75D332ADDB72E004D641F /* KeychainWrapper */; settings = {ATTRIBUTES = (CodeSignOnCopy, ); }; };
		64D75D372ADDB739004D641F /* KeychainWrapper in Frameworks */ = {isa = PBXBuildFile; productRef = 64D75D362ADDB739004D641F /* KeychainWrapper */; };
		64D75D382ADDB739004D641F /* KeychainWrapper in Embed Frameworks */ = {isa = PBXBuildFile; productRef = 64D75D362ADDB739004D641F /* KeychainWrapper */; settings = {ATTRIBUTES = (CodeSignOnCopy, ); }; };
		DC7188922AFA899D0077E4A2 /* ListView.swift in Sources */ = {isa = PBXBuildFile; fileRef = DC7188912AFA899D0077E4A2 /* ListView.swift */; };
		DC7188942AFA8E530077E4A2 /* CustomException.swift in Sources */ = {isa = PBXBuildFile; fileRef = DC7188932AFA8E530077E4A2 /* CustomException.swift */; };
		DC7188962AFA8E840077E4A2 /* KeychainableProtocol.swift in Sources */ = {isa = PBXBuildFile; fileRef = DC7188952AFA8E840077E4A2 /* KeychainableProtocol.swift */; };
		DCB3D61E2AE585A400EF7DE7 /* ViewModel.swift in Sources */ = {isa = PBXBuildFile; fileRef = DCB3D61D2AE585A400EF7DE7 /* ViewModel.swift */; };
		DCB3D6212AE585C900EF7DE7 /* Constants.swift in Sources */ = {isa = PBXBuildFile; fileRef = DCB3D6202AE585C900EF7DE7 /* Constants.swift */; };
		DCB3D6242AE5AE0500EF7DE7 /* SaveSectionView.swift in Sources */ = {isa = PBXBuildFile; fileRef = DCB3D6232AE5AE0500EF7DE7 /* SaveSectionView.swift */; };
		DCB3D6262AE5AF0A00EF7DE7 /* GetSectionView.swift in Sources */ = {isa = PBXBuildFile; fileRef = DCB3D6252AE5AF0A00EF7DE7 /* GetSectionView.swift */; };
		DCB3D6292AE5B38A00EF7DE7 /* KWDTextField.swift in Sources */ = {isa = PBXBuildFile; fileRef = DCB3D6282AE5B38A00EF7DE7 /* KWDTextField.swift */; };
/* End PBXBuildFile section */

/* Begin PBXContainerItemProxy section */
		648B3F602AC3574600941A25 /* PBXContainerItemProxy */ = {
			isa = PBXContainerItemProxy;
			containerPortal = 648B3F472AC3574500941A25 /* Project object */;
			proxyType = 1;
			remoteGlobalIDString = 648B3F4E2AC3574500941A25;
			remoteInfo = KeychainWrapperDemo;
		};
/* End PBXContainerItemProxy section */

/* Begin PBXCopyFilesBuildPhase section */
		648B3F802AC35D9C00941A25 /* Embed Frameworks */ = {
			isa = PBXCopyFilesBuildPhase;
			buildActionMask = 2147483647;
			dstPath = "";
			dstSubfolderSpec = 10;
			files = (
				64D75D352ADDB72E004D641F /* KeychainWrapper in Embed Frameworks */,
			);
			name = "Embed Frameworks";
			runOnlyForDeploymentPostprocessing = 0;
		};
		64D75D392ADDB739004D641F /* Embed Frameworks */ = {
			isa = PBXCopyFilesBuildPhase;
			buildActionMask = 2147483647;
			dstPath = "";
			dstSubfolderSpec = 10;
			files = (
				64D75D382ADDB739004D641F /* KeychainWrapper in Embed Frameworks */,
			);
			name = "Embed Frameworks";
			runOnlyForDeploymentPostprocessing = 0;
		};
/* End PBXCopyFilesBuildPhase section */

/* Begin PBXFileReference section */
		648B3F4F2AC3574500941A25 /* KeychainWrapperDemo.app */ = {isa = PBXFileReference; explicitFileType = wrapper.application; includeInIndex = 0; path = KeychainWrapperDemo.app; sourceTree = BUILT_PRODUCTS_DIR; };
		648B3F522AC3574500941A25 /* KeychainWrapperDemoApp.swift */ = {isa = PBXFileReference; lastKnownFileType = sourcecode.swift; path = KeychainWrapperDemoApp.swift; sourceTree = "<group>"; };
		648B3F542AC3574500941A25 /* ContentView.swift */ = {isa = PBXFileReference; lastKnownFileType = sourcecode.swift; path = ContentView.swift; sourceTree = "<group>"; };
		648B3F562AC3574600941A25 /* Assets.xcassets */ = {isa = PBXFileReference; lastKnownFileType = folder.assetcatalog; path = Assets.xcassets; sourceTree = "<group>"; };
		648B3F592AC3574600941A25 /* Preview Assets.xcassets */ = {isa = PBXFileReference; lastKnownFileType = folder.assetcatalog; path = "Preview Assets.xcassets"; sourceTree = "<group>"; };
		648B3F5F2AC3574600941A25 /* KeychainWrapperDemoTests.xctest */ = {isa = PBXFileReference; explicitFileType = wrapper.cfbundle; includeInIndex = 0; path = KeychainWrapperDemoTests.xctest; sourceTree = BUILT_PRODUCTS_DIR; };
		648B3F632AC3574600941A25 /* KeychainWrapperDemoTests.swift */ = {isa = PBXFileReference; lastKnownFileType = sourcecode.swift; path = KeychainWrapperDemoTests.swift; sourceTree = "<group>"; };
		DC7188912AFA899D0077E4A2 /* ListView.swift */ = {isa = PBXFileReference; lastKnownFileType = sourcecode.swift; path = ListView.swift; sourceTree = "<group>"; };
		DC7188932AFA8E530077E4A2 /* CustomException.swift */ = {isa = PBXFileReference; lastKnownFileType = sourcecode.swift; path = CustomException.swift; sourceTree = "<group>"; };
		DC7188952AFA8E840077E4A2 /* KeychainableProtocol.swift */ = {isa = PBXFileReference; lastKnownFileType = sourcecode.swift; path = KeychainableProtocol.swift; sourceTree = "<group>"; };
		DCB3D61B2AE5825E00EF7DE7 /* KeychainWrapperDemo.entitlements */ = {isa = PBXFileReference; lastKnownFileType = text.plist.entitlements; path = KeychainWrapperDemo.entitlements; sourceTree = "<group>"; };
		DCB3D61D2AE585A400EF7DE7 /* ViewModel.swift */ = {isa = PBXFileReference; lastKnownFileType = sourcecode.swift; path = ViewModel.swift; sourceTree = "<group>"; };
		DCB3D6202AE585C900EF7DE7 /* Constants.swift */ = {isa = PBXFileReference; lastKnownFileType = sourcecode.swift; path = Constants.swift; sourceTree = "<group>"; };
		DCB3D6232AE5AE0500EF7DE7 /* SaveSectionView.swift */ = {isa = PBXFileReference; lastKnownFileType = sourcecode.swift; path = SaveSectionView.swift; sourceTree = "<group>"; };
		DCB3D6252AE5AF0A00EF7DE7 /* GetSectionView.swift */ = {isa = PBXFileReference; lastKnownFileType = sourcecode.swift; path = GetSectionView.swift; sourceTree = "<group>"; };
		DCB3D6282AE5B38A00EF7DE7 /* KWDTextField.swift */ = {isa = PBXFileReference; lastKnownFileType = sourcecode.swift; path = KWDTextField.swift; sourceTree = "<group>"; };
/* End PBXFileReference section */

/* Begin PBXFrameworksBuildPhase section */
		648B3F4C2AC3574500941A25 /* Frameworks */ = {
			isa = PBXFrameworksBuildPhase;
			buildActionMask = 2147483647;
			files = (
				64D75D342ADDB72E004D641F /* KeychainWrapper in Frameworks */,
			);
			runOnlyForDeploymentPostprocessing = 0;
		};
		648B3F5C2AC3574600941A25 /* Frameworks */ = {
			isa = PBXFrameworksBuildPhase;
			buildActionMask = 2147483647;
			files = (
				64D75D372ADDB739004D641F /* KeychainWrapper in Frameworks */,
			);
			runOnlyForDeploymentPostprocessing = 0;
		};
/* End PBXFrameworksBuildPhase section */

/* Begin PBXGroup section */
		648B3F462AC3574500941A25 = {
			isa = PBXGroup;
			children = (
				648B3F512AC3574500941A25 /* KeychainWrapperDemo */,
				648B3F622AC3574600941A25 /* KeychainWrapperDemoTests */,
				648B3F502AC3574500941A25 /* Products */,
				64D75D322ADDB72E004D641F /* Frameworks */,
			);
			sourceTree = "<group>";
		};
		648B3F502AC3574500941A25 /* Products */ = {
			isa = PBXGroup;
			children = (
				648B3F4F2AC3574500941A25 /* KeychainWrapperDemo.app */,
				648B3F5F2AC3574600941A25 /* KeychainWrapperDemoTests.xctest */,
			);
			name = Products;
			sourceTree = "<group>";
		};
		648B3F512AC3574500941A25 /* KeychainWrapperDemo */ = {
			isa = PBXGroup;
			children = (
				DCB3D62A2AE70F4C00EF7DE7 /* Utils */,
				DCB3D6222AE5ADEA00EF7DE7 /* Views */,
				DCB3D61C2AE5854E00EF7DE7 /* ViewModel */,
				DCB3D61B2AE5825E00EF7DE7 /* KeychainWrapperDemo.entitlements */,
				648B3F522AC3574500941A25 /* KeychainWrapperDemoApp.swift */,
				648B3F562AC3574600941A25 /* Assets.xcassets */,
				648B3F582AC3574600941A25 /* Preview Content */,
			);
			path = KeychainWrapperDemo;
			sourceTree = "<group>";
		};
		648B3F582AC3574600941A25 /* Preview Content */ = {
			isa = PBXGroup;
			children = (
				648B3F592AC3574600941A25 /* Preview Assets.xcassets */,
			);
			path = "Preview Content";
			sourceTree = "<group>";
		};
		648B3F622AC3574600941A25 /* KeychainWrapperDemoTests */ = {
			isa = PBXGroup;
			children = (
				648B3F632AC3574600941A25 /* KeychainWrapperDemoTests.swift */,
			);
			path = KeychainWrapperDemoTests;
			sourceTree = "<group>";
		};
		64D75D322ADDB72E004D641F /* Frameworks */ = {
			isa = PBXGroup;
			children = (
			);
			name = Frameworks;
			sourceTree = "<group>";
		};
		DCB3D61C2AE5854E00EF7DE7 /* ViewModel */ = {
			isa = PBXGroup;
			children = (
				DCB3D61D2AE585A400EF7DE7 /* ViewModel.swift */,
				DC7188932AFA8E530077E4A2 /* CustomException.swift */,
				DC7188952AFA8E840077E4A2 /* KeychainableProtocol.swift */,
			);
			path = ViewModel;
			sourceTree = "<group>";
		};
		DCB3D6222AE5ADEA00EF7DE7 /* Views */ = {
			isa = PBXGroup;
			children = (
				DCB3D6272AE5B37300EF7DE7 /* ViewChunks */,
				648B3F542AC3574500941A25 /* ContentView.swift */,
				DCB3D6232AE5AE0500EF7DE7 /* SaveSectionView.swift */,
				DCB3D6252AE5AF0A00EF7DE7 /* GetSectionView.swift */,
				DC7188912AFA899D0077E4A2 /* ListView.swift */,
			);
			path = Views;
			sourceTree = "<group>";
		};
		DCB3D6272AE5B37300EF7DE7 /* ViewChunks */ = {
			isa = PBXGroup;
			children = (
				DCB3D6282AE5B38A00EF7DE7 /* KWDTextField.swift */,
			);
			path = ViewChunks;
			sourceTree = "<group>";
		};
		DCB3D62A2AE70F4C00EF7DE7 /* Utils */ = {
			isa = PBXGroup;
			children = (
				DCB3D6202AE585C900EF7DE7 /* Constants.swift */,
			);
			path = Utils;
			sourceTree = "<group>";
		};
/* End PBXGroup section */

/* Begin PBXNativeTarget section */
		648B3F4E2AC3574500941A25 /* KeychainWrapperDemo */ = {
			isa = PBXNativeTarget;
			buildConfigurationList = 648B3F732AC3574600941A25 /* Build configuration list for PBXNativeTarget "KeychainWrapperDemo" */;
			buildPhases = (
				648B3F4B2AC3574500941A25 /* Sources */,
				648B3F4C2AC3574500941A25 /* Frameworks */,
				648B3F4D2AC3574500941A25 /* Resources */,
				648B3F802AC35D9C00941A25 /* Embed Frameworks */,
			);
			buildRules = (
			);
			dependencies = (
			);
			name = KeychainWrapperDemo;
			packageProductDependencies = (
				64D75D332ADDB72E004D641F /* KeychainWrapper */,
			);
			productName = KeychainWrapperDemo;
			productReference = 648B3F4F2AC3574500941A25 /* KeychainWrapperDemo.app */;
			productType = "com.apple.product-type.application";
		};
		648B3F5E2AC3574600941A25 /* KeychainWrapperDemoTests */ = {
			isa = PBXNativeTarget;
			buildConfigurationList = 648B3F762AC3574600941A25 /* Build configuration list for PBXNativeTarget "KeychainWrapperDemoTests" */;
			buildPhases = (
				648B3F5B2AC3574600941A25 /* Sources */,
				648B3F5C2AC3574600941A25 /* Frameworks */,
				648B3F5D2AC3574600941A25 /* Resources */,
				64D75D392ADDB739004D641F /* Embed Frameworks */,
			);
			buildRules = (
			);
			dependencies = (
				648B3F612AC3574600941A25 /* PBXTargetDependency */,
			);
			name = KeychainWrapperDemoTests;
			packageProductDependencies = (
				64D75D362ADDB739004D641F /* KeychainWrapper */,
			);
			productName = KeychainWrapperDemoTests;
			productReference = 648B3F5F2AC3574600941A25 /* KeychainWrapperDemoTests.xctest */;
			productType = "com.apple.product-type.bundle.unit-test";
		};
/* End PBXNativeTarget section */

/* Begin PBXProject section */
		648B3F472AC3574500941A25 /* Project object */ = {
			isa = PBXProject;
			attributes = {
				BuildIndependentTargetsInParallel = 1;
				LastSwiftUpdateCheck = 1500;
				LastUpgradeCheck = 1500;
				TargetAttributes = {
					648B3F4E2AC3574500941A25 = {
						CreatedOnToolsVersion = 15.0;
					};
					648B3F5E2AC3574600941A25 = {
						CreatedOnToolsVersion = 15.0;
						TestTargetID = 648B3F4E2AC3574500941A25;
					};
				};
			};
			buildConfigurationList = 648B3F4A2AC3574500941A25 /* Build configuration list for PBXProject "KeychainWrapperDemo" */;
			compatibilityVersion = "Xcode 14.0";
			developmentRegion = en;
			hasScannedForEncodings = 0;
			knownRegions = (
				en,
				Base,
			);
			mainGroup = 648B3F462AC3574500941A25;
			packageReferences = (
				648B3F7C2AC357B200941A25 /* XCLocalSwiftPackageReference ".." */,
			);
			productRefGroup = 648B3F502AC3574500941A25 /* Products */;
			projectDirPath = "";
			projectRoot = "";
			targets = (
				648B3F4E2AC3574500941A25 /* KeychainWrapperDemo */,
				648B3F5E2AC3574600941A25 /* KeychainWrapperDemoTests */,
			);
		};
/* End PBXProject section */

/* Begin PBXResourcesBuildPhase section */
		648B3F4D2AC3574500941A25 /* Resources */ = {
			isa = PBXResourcesBuildPhase;
			buildActionMask = 2147483647;
			files = (
				648B3F5A2AC3574600941A25 /* Preview Assets.xcassets in Resources */,
				648B3F572AC3574600941A25 /* Assets.xcassets in Resources */,
			);
			runOnlyForDeploymentPostprocessing = 0;
		};
		648B3F5D2AC3574600941A25 /* Resources */ = {
			isa = PBXResourcesBuildPhase;
			buildActionMask = 2147483647;
			files = (
			);
			runOnlyForDeploymentPostprocessing = 0;
		};
/* End PBXResourcesBuildPhase section */

/* Begin PBXSourcesBuildPhase section */
		648B3F4B2AC3574500941A25 /* Sources */ = {
			isa = PBXSourcesBuildPhase;
			buildActionMask = 2147483647;
			files = (
				DC7188922AFA899D0077E4A2 /* ListView.swift in Sources */,
				DC7188962AFA8E840077E4A2 /* KeychainableProtocol.swift in Sources */,
				DCB3D6242AE5AE0500EF7DE7 /* SaveSectionView.swift in Sources */,
				DCB3D6292AE5B38A00EF7DE7 /* KWDTextField.swift in Sources */,
				DCB3D61E2AE585A400EF7DE7 /* ViewModel.swift in Sources */,
				DC7188942AFA8E530077E4A2 /* CustomException.swift in Sources */,
				648B3F552AC3574500941A25 /* ContentView.swift in Sources */,
				648B3F532AC3574500941A25 /* KeychainWrapperDemoApp.swift in Sources */,
				DCB3D6262AE5AF0A00EF7DE7 /* GetSectionView.swift in Sources */,
				DCB3D6212AE585C900EF7DE7 /* Constants.swift in Sources */,
			);
			runOnlyForDeploymentPostprocessing = 0;
		};
		648B3F5B2AC3574600941A25 /* Sources */ = {
			isa = PBXSourcesBuildPhase;
			buildActionMask = 2147483647;
			files = (
				648B3F642AC3574600941A25 /* KeychainWrapperDemoTests.swift in Sources */,
			);
			runOnlyForDeploymentPostprocessing = 0;
		};
/* End PBXSourcesBuildPhase section */

/* Begin PBXTargetDependency section */
		648B3F612AC3574600941A25 /* PBXTargetDependency */ = {
			isa = PBXTargetDependency;
			target = 648B3F4E2AC3574500941A25 /* KeychainWrapperDemo */;
			targetProxy = 648B3F602AC3574600941A25 /* PBXContainerItemProxy */;
		};
/* End PBXTargetDependency section */

/* Begin XCBuildConfiguration section */
		648B3F712AC3574600941A25 /* Debug */ = {
			isa = XCBuildConfiguration;
			buildSettings = {
				ALWAYS_SEARCH_USER_PATHS = NO;
				ASSETCATALOG_COMPILER_GENERATE_SWIFT_ASSET_SYMBOL_EXTENSIONS = YES;
				CLANG_ANALYZER_NONNULL = YES;
				CLANG_ANALYZER_NUMBER_OBJECT_CONVERSION = YES_AGGRESSIVE;
				CLANG_CXX_LANGUAGE_STANDARD = "gnu++20";
				CLANG_ENABLE_MODULES = YES;
				CLANG_ENABLE_OBJC_ARC = YES;
				CLANG_ENABLE_OBJC_WEAK = YES;
				CLANG_WARN_BLOCK_CAPTURE_AUTORELEASING = YES;
				CLANG_WARN_BOOL_CONVERSION = YES;
				CLANG_WARN_COMMA = YES;
				CLANG_WARN_CONSTANT_CONVERSION = YES;
				CLANG_WARN_DEPRECATED_OBJC_IMPLEMENTATIONS = YES;
				CLANG_WARN_DIRECT_OBJC_ISA_USAGE = YES_ERROR;
				CLANG_WARN_DOCUMENTATION_COMMENTS = YES;
				CLANG_WARN_EMPTY_BODY = YES;
				CLANG_WARN_ENUM_CONVERSION = YES;
				CLANG_WARN_INFINITE_RECURSION = YES;
				CLANG_WARN_INT_CONVERSION = YES;
				CLANG_WARN_NON_LITERAL_NULL_CONVERSION = YES;
				CLANG_WARN_OBJC_IMPLICIT_RETAIN_SELF = YES;
				CLANG_WARN_OBJC_LITERAL_CONVERSION = YES;
				CLANG_WARN_OBJC_ROOT_CLASS = YES_ERROR;
				CLANG_WARN_QUOTED_INCLUDE_IN_FRAMEWORK_HEADER = YES;
				CLANG_WARN_RANGE_LOOP_ANALYSIS = YES;
				CLANG_WARN_STRICT_PROTOTYPES = YES;
				CLANG_WARN_SUSPICIOUS_MOVE = YES;
				CLANG_WARN_UNGUARDED_AVAILABILITY = YES_AGGRESSIVE;
				CLANG_WARN_UNREACHABLE_CODE = YES;
				CLANG_WARN__DUPLICATE_METHOD_MATCH = YES;
				COPY_PHASE_STRIP = NO;
				DEBUG_INFORMATION_FORMAT = dwarf;
				ENABLE_STRICT_OBJC_MSGSEND = YES;
				ENABLE_TESTABILITY = YES;
				ENABLE_USER_SCRIPT_SANDBOXING = YES;
				GCC_C_LANGUAGE_STANDARD = gnu17;
				GCC_DYNAMIC_NO_PIC = NO;
				GCC_NO_COMMON_BLOCKS = YES;
				GCC_OPTIMIZATION_LEVEL = 0;
				GCC_PREPROCESSOR_DEFINITIONS = (
					"DEBUG=1",
					"$(inherited)",
				);
				GCC_WARN_64_TO_32_BIT_CONVERSION = YES;
				GCC_WARN_ABOUT_RETURN_TYPE = YES_ERROR;
				GCC_WARN_UNDECLARED_SELECTOR = YES;
				GCC_WARN_UNINITIALIZED_AUTOS = YES_AGGRESSIVE;
				GCC_WARN_UNUSED_FUNCTION = YES;
				GCC_WARN_UNUSED_VARIABLE = YES;
				IPHONEOS_DEPLOYMENT_TARGET = 17.0;
				LOCALIZATION_PREFERS_STRING_CATALOGS = YES;
				MTL_ENABLE_DEBUG_INFO = INCLUDE_SOURCE;
				MTL_FAST_MATH = YES;
				ONLY_ACTIVE_ARCH = YES;
				SDKROOT = iphoneos;
				SWIFT_ACTIVE_COMPILATION_CONDITIONS = "DEBUG $(inherited)";
				SWIFT_OPTIMIZATION_LEVEL = "-Onone";
			};
			name = Debug;
		};
		648B3F722AC3574600941A25 /* Release */ = {
			isa = XCBuildConfiguration;
			buildSettings = {
				ALWAYS_SEARCH_USER_PATHS = NO;
				ASSETCATALOG_COMPILER_GENERATE_SWIFT_ASSET_SYMBOL_EXTENSIONS = YES;
				CLANG_ANALYZER_NONNULL = YES;
				CLANG_ANALYZER_NUMBER_OBJECT_CONVERSION = YES_AGGRESSIVE;
				CLANG_CXX_LANGUAGE_STANDARD = "gnu++20";
				CLANG_ENABLE_MODULES = YES;
				CLANG_ENABLE_OBJC_ARC = YES;
				CLANG_ENABLE_OBJC_WEAK = YES;
				CLANG_WARN_BLOCK_CAPTURE_AUTORELEASING = YES;
				CLANG_WARN_BOOL_CONVERSION = YES;
				CLANG_WARN_COMMA = YES;
				CLANG_WARN_CONSTANT_CONVERSION = YES;
				CLANG_WARN_DEPRECATED_OBJC_IMPLEMENTATIONS = YES;
				CLANG_WARN_DIRECT_OBJC_ISA_USAGE = YES_ERROR;
				CLANG_WARN_DOCUMENTATION_COMMENTS = YES;
				CLANG_WARN_EMPTY_BODY = YES;
				CLANG_WARN_ENUM_CONVERSION = YES;
				CLANG_WARN_INFINITE_RECURSION = YES;
				CLANG_WARN_INT_CONVERSION = YES;
				CLANG_WARN_NON_LITERAL_NULL_CONVERSION = YES;
				CLANG_WARN_OBJC_IMPLICIT_RETAIN_SELF = YES;
				CLANG_WARN_OBJC_LITERAL_CONVERSION = YES;
				CLANG_WARN_OBJC_ROOT_CLASS = YES_ERROR;
				CLANG_WARN_QUOTED_INCLUDE_IN_FRAMEWORK_HEADER = YES;
				CLANG_WARN_RANGE_LOOP_ANALYSIS = YES;
				CLANG_WARN_STRICT_PROTOTYPES = YES;
				CLANG_WARN_SUSPICIOUS_MOVE = YES;
				CLANG_WARN_UNGUARDED_AVAILABILITY = YES_AGGRESSIVE;
				CLANG_WARN_UNREACHABLE_CODE = YES;
				CLANG_WARN__DUPLICATE_METHOD_MATCH = YES;
				COPY_PHASE_STRIP = NO;
				DEBUG_INFORMATION_FORMAT = "dwarf-with-dsym";
				ENABLE_NS_ASSERTIONS = NO;
				ENABLE_STRICT_OBJC_MSGSEND = YES;
				ENABLE_USER_SCRIPT_SANDBOXING = YES;
				GCC_C_LANGUAGE_STANDARD = gnu17;
				GCC_NO_COMMON_BLOCKS = YES;
				GCC_WARN_64_TO_32_BIT_CONVERSION = YES;
				GCC_WARN_ABOUT_RETURN_TYPE = YES_ERROR;
				GCC_WARN_UNDECLARED_SELECTOR = YES;
				GCC_WARN_UNINITIALIZED_AUTOS = YES_AGGRESSIVE;
				GCC_WARN_UNUSED_FUNCTION = YES;
				GCC_WARN_UNUSED_VARIABLE = YES;
				IPHONEOS_DEPLOYMENT_TARGET = 17.0;
				LOCALIZATION_PREFERS_STRING_CATALOGS = YES;
				MTL_ENABLE_DEBUG_INFO = NO;
				MTL_FAST_MATH = YES;
				SDKROOT = iphoneos;
				SWIFT_COMPILATION_MODE = wholemodule;
				VALIDATE_PRODUCT = YES;
			};
			name = Release;
		};
		648B3F742AC3574600941A25 /* Debug */ = {
			isa = XCBuildConfiguration;
			buildSettings = {
				ASSETCATALOG_COMPILER_APPICON_NAME = AppIcon;
				ASSETCATALOG_COMPILER_GLOBAL_ACCENT_COLOR_NAME = AccentColor;
				CODE_SIGN_ENTITLEMENTS = KeychainWrapperDemo/KeychainWrapperDemo.entitlements;
				CODE_SIGN_STYLE = Automatic;
				CURRENT_PROJECT_VERSION = 1;
				DEVELOPMENT_ASSET_PATHS = "\"KeychainWrapperDemo/Preview Content\"";
				DEVELOPMENT_TEAM = KF62RW5R42;
				ENABLE_PREVIEWS = YES;
				GENERATE_INFOPLIST_FILE = YES;
				INFOPLIST_KEY_UIApplicationSceneManifest_Generation = YES;
				INFOPLIST_KEY_UIApplicationSupportsIndirectInputEvents = YES;
				INFOPLIST_KEY_UILaunchScreen_Generation = YES;
				INFOPLIST_KEY_UISupportedInterfaceOrientations_iPad = "UIInterfaceOrientationPortrait UIInterfaceOrientationPortraitUpsideDown UIInterfaceOrientationLandscapeLeft UIInterfaceOrientationLandscapeRight";
				INFOPLIST_KEY_UISupportedInterfaceOrientations_iPhone = "UIInterfaceOrientationPortrait UIInterfaceOrientationLandscapeLeft UIInterfaceOrientationLandscapeRight";
				LD_RUNPATH_SEARCH_PATHS = (
					"$(inherited)",
					"@executable_path/Frameworks",
				);
				MARKETING_VERSION = 1.0;
				PRODUCT_BUNDLE_IDENTIFIER = lekko.techno.alleseller.KeychainWrapperDemo;
				PRODUCT_NAME = "$(TARGET_NAME)";
				SWIFT_EMIT_LOC_STRINGS = YES;
				SWIFT_VERSION = 5.0;
				TARGETED_DEVICE_FAMILY = "1,2";
			};
			name = Debug;
		};
		648B3F752AC3574600941A25 /* Release */ = {
			isa = XCBuildConfiguration;
			buildSettings = {
				ASSETCATALOG_COMPILER_APPICON_NAME = AppIcon;
				ASSETCATALOG_COMPILER_GLOBAL_ACCENT_COLOR_NAME = AccentColor;
				CODE_SIGN_ENTITLEMENTS = KeychainWrapperDemo/KeychainWrapperDemo.entitlements;
				CODE_SIGN_STYLE = Automatic;
				CURRENT_PROJECT_VERSION = 1;
				DEVELOPMENT_ASSET_PATHS = "\"KeychainWrapperDemo/Preview Content\"";
				DEVELOPMENT_TEAM = KF62RW5R42;
				ENABLE_PREVIEWS = YES;
				GENERATE_INFOPLIST_FILE = YES;
				INFOPLIST_KEY_UIApplicationSceneManifest_Generation = YES;
				INFOPLIST_KEY_UIApplicationSupportsIndirectInputEvents = YES;
				INFOPLIST_KEY_UILaunchScreen_Generation = YES;
				INFOPLIST_KEY_UISupportedInterfaceOrientations_iPad = "UIInterfaceOrientationPortrait UIInterfaceOrientationPortraitUpsideDown UIInterfaceOrientationLandscapeLeft UIInterfaceOrientationLandscapeRight";
				INFOPLIST_KEY_UISupportedInterfaceOrientations_iPhone = "UIInterfaceOrientationPortrait UIInterfaceOrientationLandscapeLeft UIInterfaceOrientationLandscapeRight";
				LD_RUNPATH_SEARCH_PATHS = (
					"$(inherited)",
					"@executable_path/Frameworks",
				);
				MARKETING_VERSION = 1.0;
				PRODUCT_BUNDLE_IDENTIFIER = lekko.techno.alleseller.KeychainWrapperDemo;
				PRODUCT_NAME = "$(TARGET_NAME)";
				SWIFT_EMIT_LOC_STRINGS = YES;
				SWIFT_VERSION = 5.0;
				TARGETED_DEVICE_FAMILY = "1,2";
			};
			name = Release;
		};
		648B3F772AC3574600941A25 /* Debug */ = {
			isa = XCBuildConfiguration;
			buildSettings = {
				ALWAYS_EMBED_SWIFT_STANDARD_LIBRARIES = YES;
				BUNDLE_LOADER = "$(TEST_HOST)";
				CODE_SIGN_STYLE = Automatic;
				CURRENT_PROJECT_VERSION = 1;
				DEVELOPMENT_TEAM = Q79FTA4VEX;
				GENERATE_INFOPLIST_FILE = YES;
				IPHONEOS_DEPLOYMENT_TARGET = 17.0;
				MARKETING_VERSION = 1.0;
				PRODUCT_BUNDLE_IDENTIFIER = lekko.techno.alleseller.KeychainWrapperDemoTests;
				PRODUCT_NAME = "$(TARGET_NAME)";
				SWIFT_EMIT_LOC_STRINGS = NO;
				SWIFT_VERSION = 5.0;
				TARGETED_DEVICE_FAMILY = "1,2";
				TEST_HOST = "$(BUILT_PRODUCTS_DIR)/KeychainWrapperDemo.app/$(BUNDLE_EXECUTABLE_FOLDER_PATH)/KeychainWrapperDemo";
			};
			name = Debug;
		};
		648B3F782AC3574600941A25 /* Release */ = {
			isa = XCBuildConfiguration;
			buildSettings = {
				ALWAYS_EMBED_SWIFT_STANDARD_LIBRARIES = YES;
				BUNDLE_LOADER = "$(TEST_HOST)";
				CODE_SIGN_STYLE = Automatic;
				CURRENT_PROJECT_VERSION = 1;
				DEVELOPMENT_TEAM = Q79FTA4VEX;
				GENERATE_INFOPLIST_FILE = YES;
				IPHONEOS_DEPLOYMENT_TARGET = 17.0;
				MARKETING_VERSION = 1.0;
				PRODUCT_BUNDLE_IDENTIFIER = lekko.techno.alleseller.KeychainWrapperDemoTests;
				PRODUCT_NAME = "$(TARGET_NAME)";
				SWIFT_EMIT_LOC_STRINGS = NO;
				SWIFT_VERSION = 5.0;
				TARGETED_DEVICE_FAMILY = "1,2";
				TEST_HOST = "$(BUILT_PRODUCTS_DIR)/KeychainWrapperDemo.app/$(BUNDLE_EXECUTABLE_FOLDER_PATH)/KeychainWrapperDemo";
			};
			name = Release;
		};
/* End XCBuildConfiguration section */

/* Begin XCConfigurationList section */
		648B3F4A2AC3574500941A25 /* Build configuration list for PBXProject "KeychainWrapperDemo" */ = {
			isa = XCConfigurationList;
			buildConfigurations = (
				648B3F712AC3574600941A25 /* Debug */,
				648B3F722AC3574600941A25 /* Release */,
			);
			defaultConfigurationIsVisible = 0;
			defaultConfigurationName = Release;
		};
		648B3F732AC3574600941A25 /* Build configuration list for PBXNativeTarget "KeychainWrapperDemo" */ = {
			isa = XCConfigurationList;
			buildConfigurations = (
				648B3F742AC3574600941A25 /* Debug */,
				648B3F752AC3574600941A25 /* Release */,
			);
			defaultConfigurationIsVisible = 0;
			defaultConfigurationName = Release;
		};
		648B3F762AC3574600941A25 /* Build configuration list for PBXNativeTarget "KeychainWrapperDemoTests" */ = {
			isa = XCConfigurationList;
			buildConfigurations = (
				648B3F772AC3574600941A25 /* Debug */,
				648B3F782AC3574600941A25 /* Release */,
			);
			defaultConfigurationIsVisible = 0;
			defaultConfigurationName = Release;
		};
/* End XCConfigurationList section */

/* Begin XCLocalSwiftPackageReference section */
		648B3F7C2AC357B200941A25 /* XCLocalSwiftPackageReference ".." */ = {
			isa = XCLocalSwiftPackageReference;
			relativePath = ..;
		};
/* End XCLocalSwiftPackageReference section */

/* Begin XCSwiftPackageProductDependency section */
		64D75D332ADDB72E004D641F /* KeychainWrapper */ = {
			isa = XCSwiftPackageProductDependency;
			productName = KeychainWrapper;
		};
		64D75D362ADDB739004D641F /* KeychainWrapper */ = {
			isa = XCSwiftPackageProductDependency;
			productName = KeychainWrapper;
		};
/* End XCSwiftPackageProductDependency section */
	};
	rootObject = 648B3F472AC3574500941A25 /* Project object */;
}
