// !$*UTF8*$!
{
	archiveVersion = 1;
	classes = {
	};
	objectVersion = 60;
	objects = {

/* Begin PBXBuildFile section */
		64078B2C2A87B72B00877322 /* AlleSellerApp.swift in Sources */ = {isa = PBXBuildFile; fileRef = 64078B2B2A87B72B00877322 /* AlleSellerApp.swift */; };
		64078B302A87B72D00877322 /* Assets.xcassets in Resources */ = {isa = PBXBuildFile; fileRef = 64078B2F2A87B72D00877322 /* Assets.xcassets */; };
		64078B332A87B72D00877322 /* Preview Assets.xcassets in Resources */ = {isa = PBXBuildFile; fileRef = 64078B322A87B72D00877322 /* Preview Assets.xcassets */; };
		64078B3D2A87B72D00877322 /* ApiClientFactoryTests.swift in Sources */ = {isa = PBXBuildFile; fileRef = 64078B3C2A87B72D00877322 /* ApiClientFactoryTests.swift */; };
		64078B472A87B72D00877322 /* AlleSellerUITests.swift in Sources */ = {isa = PBXBuildFile; fileRef = 64078B462A87B72D00877322 /* AlleSellerUITests.swift */; };
		64078B492A87B72D00877322 /* AlleSellerUITestsLaunchTests.swift in Sources */ = {isa = PBXBuildFile; fileRef = 64078B482A87B72D00877322 /* AlleSellerUITestsLaunchTests.swift */; };
		64151DE92AFFA39800FB68B5 /* DebugNetworkingInfoProvider.swift in Sources */ = {isa = PBXBuildFile; fileRef = 64151DE82AFFA39800FB68B5 /* DebugNetworkingInfoProvider.swift */; };
		64151DEB2AFFC4C500FB68B5 /* DebugView.NetworkingRow.swift in Sources */ = {isa = PBXBuildFile; fileRef = 64151DEA2AFFC4C500FB68B5 /* DebugView.NetworkingRow.swift */; };
		64151DEE2AFFC70700FB68B5 /* InlineSnapshotTesting in Frameworks */ = {isa = PBXBuildFile; productRef = 64151DED2AFFC70700FB68B5 /* InlineSnapshotTesting */; };
		64151DF02AFFC70700FB68B5 /* SnapshotTesting in Frameworks */ = {isa = PBXBuildFile; productRef = 64151DEF2AFFC70700FB68B5 /* SnapshotTesting */; };
		64151DF32AFFCB2A00FB68B5 /* Onion in Frameworks */ = {isa = PBXBuildFile; productRef = 64151DF22AFFCB2A00FB68B5 /* Onion */; };
		6432E5572B9619D800C0A096 /* Onion in Frameworks */ = {isa = PBXBuildFile; productRef = 6432E5562B9619D800C0A096 /* Onion */; };
		64375AF12B934A8F008C1E19 /* SweetBool in Embed Frameworks */ = {isa = PBXBuildFile; productRef = 646063102AFED8ED006A4424 /* SweetBool */; settings = {ATTRIBUTES = (CodeSignOnCopy, ); }; };
		64375AF22B934A95008C1E19 /* SweetPredicate in Embed Frameworks */ = {isa = PBXBuildFile; productRef = 646063122AFED8ED006A4424 /* SweetPredicate */; settings = {ATTRIBUTES = (CodeSignOnCopy, ); }; };
		64375AF32B934A97008C1E19 /* SecretsStore in Embed Frameworks */ = {isa = PBXBuildFile; productRef = 6474C0292B07C6C8009903C6 /* SecretsStore */; settings = {ATTRIBUTES = (CodeSignOnCopy, ); }; };
		646063112AFED8ED006A4424 /* SweetBool in Frameworks */ = {isa = PBXBuildFile; productRef = 646063102AFED8ED006A4424 /* SweetBool */; };
		646063132AFED8ED006A4424 /* SweetPredicate in Frameworks */ = {isa = PBXBuildFile; productRef = 646063122AFED8ED006A4424 /* SweetPredicate */; };
		6474C0252B07C46D009903C6 /* Secrets.swift in Sources */ = {isa = PBXBuildFile; fileRef = 6474C0242B07C42F009903C6 /* Secrets.swift */; };
		6474C02A2B07C6C8009903C6 /* SecretsStore in Frameworks */ = {isa = PBXBuildFile; productRef = 6474C0292B07C6C8009903C6 /* SecretsStore */; };
		6474DBE22B1B758400970C29 /* Utilities in Frameworks */ = {isa = PBXBuildFile; productRef = 6474DBE12B1B758400970C29 /* Utilities */; };
		6474DBE32B1B758400970C29 /* Utilities in Embed Frameworks */ = {isa = PBXBuildFile; productRef = 6474DBE12B1B758400970C29 /* Utilities */; settings = {ATTRIBUTES = (CodeSignOnCopy, ); }; };
		647505A92AA62C0600946955 /* Seller in Frameworks */ = {isa = PBXBuildFile; productRef = 647505A82AA62C0600946955 /* Seller */; };
		647505AA2AA62C0600946955 /* Seller in Embed Frameworks */ = {isa = PBXBuildFile; productRef = 647505A82AA62C0600946955 /* Seller */; settings = {ATTRIBUTES = (CodeSignOnCopy, ); }; };
		6477BBC22AFABC080024D672 /* ApiClientFactory.swift in Sources */ = {isa = PBXBuildFile; fileRef = 6477BBC12AFABC080024D672 /* ApiClientFactory.swift */; };
		6477BBC72AFAE60F0024D672 /* NetworkingApiClientChooser.swift in Sources */ = {isa = PBXBuildFile; fileRef = 6477BBC62AFAE60F0024D672 /* NetworkingApiClientChooser.swift */; };
		6481ED632B0C00AD005C0A4C /* AppEnvironment.swift in Sources */ = {isa = PBXBuildFile; fileRef = 6481ED622B0C00AD005C0A4C /* AppEnvironment.swift */; };
		6481ED652B0C02EF005C0A4C /* SecretsStoreFactory.swift in Sources */ = {isa = PBXBuildFile; fileRef = 6481ED642B0C02EF005C0A4C /* SecretsStoreFactory.swift */; };
		64830E642AFD8122002C4993 /* TextDetailRowView.swift in Sources */ = {isa = PBXBuildFile; fileRef = 64830E632AFD8122002C4993 /* TextDetailRowView.swift */; };
		64830E662AFD81A3002C4993 /* HeaderView.swift in Sources */ = {isa = PBXBuildFile; fileRef = 64830E652AFD81A3002C4993 /* HeaderView.swift */; };
		64830E682AFD8364002C4993 /* NetworkingConfigurationView.swift in Sources */ = {isa = PBXBuildFile; fileRef = 64830E672AFD8364002C4993 /* NetworkingConfigurationView.swift */; };
		6489C8F12B0D3B0000BDDACC /* DebugFeaturesModel.swift in Sources */ = {isa = PBXBuildFile; fileRef = 6489C8F02B0D3B0000BDDACC /* DebugFeaturesModel.swift */; };
		6490B44B2AF662BB007C8013 /* DebugView.swift in Sources */ = {isa = PBXBuildFile; fileRef = 6490B44A2AF662BB007C8013 /* DebugView.swift */; };
		6490B44E2AF66388007C8013 /* UIDevcie.Notifications.swift in Sources */ = {isa = PBXBuildFile; fileRef = 6490B44D2AF66388007C8013 /* UIDevcie.Notifications.swift */; };
		6490B4502AF663EA007C8013 /* UIWindow.Motion.swift in Sources */ = {isa = PBXBuildFile; fileRef = 6490B44F2AF663EA007C8013 /* UIWindow.Motion.swift */; };
		6490B4522AF66433007C8013 /* ShakeGestureViewModifier.swift in Sources */ = {isa = PBXBuildFile; fileRef = 6490B4512AF66433007C8013 /* ShakeGestureViewModifier.swift */; };
		6490B4542AF664FA007C8013 /* SwiftUI.View.ShakeGesture.Extension.swift in Sources */ = {isa = PBXBuildFile; fileRef = 6490B4532AF664FA007C8013 /* SwiftUI.View.ShakeGesture.Extension.swift */; };
/* End PBXBuildFile section */

/* Begin PBXContainerItemProxy section */
		64078B392A87B72D00877322 /* PBXContainerItemProxy */ = {
			isa = PBXContainerItemProxy;
			containerPortal = 64078B202A87B72A00877322 /* Project object */;
			proxyType = 1;
			remoteGlobalIDString = 64078B272A87B72A00877322;
			remoteInfo = AlleSeller;
		};
		64078B432A87B72D00877322 /* PBXContainerItemProxy */ = {
			isa = PBXContainerItemProxy;
			containerPortal = 64078B202A87B72A00877322 /* Project object */;
			proxyType = 1;
			remoteGlobalIDString = 64078B272A87B72A00877322;
			remoteInfo = AlleSeller;
		};
/* End PBXContainerItemProxy section */

/* Begin PBXCopyFilesBuildPhase section */
		647505AB2AA62C0600946955 /* Embed Frameworks */ = {
			isa = PBXCopyFilesBuildPhase;
			buildActionMask = 2147483647;
			dstPath = "";
			dstSubfolderSpec = 10;
			files = (
				64375AF12B934A8F008C1E19 /* SweetBool in Embed Frameworks */,
				64375AF22B934A95008C1E19 /* SweetPredicate in Embed Frameworks */,
				6474DBE32B1B758400970C29 /* Utilities in Embed Frameworks */,
				64375AF32B934A97008C1E19 /* SecretsStore in Embed Frameworks */,
				647505AA2AA62C0600946955 /* Seller in Embed Frameworks */,
			);
			name = "Embed Frameworks";
			runOnlyForDeploymentPostprocessing = 0;
		};
/* End PBXCopyFilesBuildPhase section */

/* Begin PBXFileReference section */
		64078B282A87B72B00877322 /* AlleSeller.app */ = {isa = PBXFileReference; explicitFileType = wrapper.application; includeInIndex = 0; path = AlleSeller.app; sourceTree = BUILT_PRODUCTS_DIR; };
		64078B2B2A87B72B00877322 /* AlleSellerApp.swift */ = {isa = PBXFileReference; lastKnownFileType = sourcecode.swift; path = AlleSellerApp.swift; sourceTree = "<group>"; };
		64078B2F2A87B72D00877322 /* Assets.xcassets */ = {isa = PBXFileReference; lastKnownFileType = folder.assetcatalog; path = Assets.xcassets; sourceTree = "<group>"; };
		64078B322A87B72D00877322 /* Preview Assets.xcassets */ = {isa = PBXFileReference; lastKnownFileType = folder.assetcatalog; path = "Preview Assets.xcassets"; sourceTree = "<group>"; };
		64078B382A87B72D00877322 /* AlleSellerTests.xctest */ = {isa = PBXFileReference; explicitFileType = wrapper.cfbundle; includeInIndex = 0; path = AlleSellerTests.xctest; sourceTree = BUILT_PRODUCTS_DIR; };
		64078B3C2A87B72D00877322 /* ApiClientFactoryTests.swift */ = {isa = PBXFileReference; lastKnownFileType = sourcecode.swift; path = ApiClientFactoryTests.swift; sourceTree = "<group>"; };
		64078B422A87B72D00877322 /* AlleSellerUITests.xctest */ = {isa = PBXFileReference; explicitFileType = wrapper.cfbundle; includeInIndex = 0; path = AlleSellerUITests.xctest; sourceTree = BUILT_PRODUCTS_DIR; };
		64078B462A87B72D00877322 /* AlleSellerUITests.swift */ = {isa = PBXFileReference; lastKnownFileType = sourcecode.swift; path = AlleSellerUITests.swift; sourceTree = "<group>"; };
		64078B482A87B72D00877322 /* AlleSellerUITestsLaunchTests.swift */ = {isa = PBXFileReference; lastKnownFileType = sourcecode.swift; path = AlleSellerUITestsLaunchTests.swift; sourceTree = "<group>"; };
		64078B552A87B7C300877322 /* Seller */ = {isa = PBXFileReference; lastKnownFileType = wrapper; name = Seller; path = ../Seller; sourceTree = "<group>"; };
		64151DE82AFFA39800FB68B5 /* DebugNetworkingInfoProvider.swift */ = {isa = PBXFileReference; lastKnownFileType = sourcecode.swift; path = DebugNetworkingInfoProvider.swift; sourceTree = "<group>"; };
		64151DEA2AFFC4C500FB68B5 /* DebugView.NetworkingRow.swift */ = {isa = PBXFileReference; lastKnownFileType = sourcecode.swift; path = DebugView.NetworkingRow.swift; sourceTree = "<group>"; };
		645D65812AA33D9F0087728A /* Lentil */ = {isa = PBXFileReference; lastKnownFileType = wrapper; name = Lentil; path = ../Lentil; sourceTree = "<group>"; };
		6469863C2AA659F6008D8916 /* Info.plist */ = {isa = PBXFileReference; lastKnownFileType = text.plist; path = Info.plist; sourceTree = "<group>"; };
		646AFC452AE84A49005B49B1 /* Lettuce */ = {isa = PBXFileReference; lastKnownFileType = wrapper; name = Lettuce; path = ../Lettuce; sourceTree = "<group>"; };
		646EA1A32AA34F72008745B2 /* SecretsStore */ = {isa = PBXFileReference; lastKnownFileType = wrapper; name = SecretsStore; path = ../SecretsStore; sourceTree = "<group>"; };
		6474C0242B07C42F009903C6 /* Secrets.swift */ = {isa = PBXFileReference; lastKnownFileType = sourcecode.swift; path = Secrets.swift; sourceTree = "<group>"; };
		6477BBC12AFABC080024D672 /* ApiClientFactory.swift */ = {isa = PBXFileReference; lastKnownFileType = sourcecode.swift; path = ApiClientFactory.swift; sourceTree = "<group>"; };
		6477BBC62AFAE60F0024D672 /* NetworkingApiClientChooser.swift */ = {isa = PBXFileReference; lastKnownFileType = sourcecode.swift; path = NetworkingApiClientChooser.swift; sourceTree = "<group>"; };
		647FB0202ABE1CB300BF3053 /* Utilities */ = {isa = PBXFileReference; lastKnownFileType = wrapper; name = Utilities; path = ../Utilities; sourceTree = "<group>"; };
		6481ED622B0C00AD005C0A4C /* AppEnvironment.swift */ = {isa = PBXFileReference; lastKnownFileType = sourcecode.swift; path = AppEnvironment.swift; sourceTree = "<group>"; };
		6481ED642B0C02EF005C0A4C /* SecretsStoreFactory.swift */ = {isa = PBXFileReference; lastKnownFileType = sourcecode.swift; path = SecretsStoreFactory.swift; sourceTree = "<group>"; };
		64830E632AFD8122002C4993 /* TextDetailRowView.swift */ = {isa = PBXFileReference; lastKnownFileType = sourcecode.swift; path = TextDetailRowView.swift; sourceTree = "<group>"; };
		64830E652AFD81A3002C4993 /* HeaderView.swift */ = {isa = PBXFileReference; lastKnownFileType = sourcecode.swift; path = HeaderView.swift; sourceTree = "<group>"; };
		64830E672AFD8364002C4993 /* NetworkingConfigurationView.swift */ = {isa = PBXFileReference; lastKnownFileType = sourcecode.swift; path = NetworkingConfigurationView.swift; sourceTree = "<group>"; };
		6489C8F02B0D3B0000BDDACC /* DebugFeaturesModel.swift */ = {isa = PBXFileReference; lastKnownFileType = sourcecode.swift; path = DebugFeaturesModel.swift; sourceTree = "<group>"; };
		648B0B5C2ABF58CD00FD8C52 /* KeychainWrapper */ = {isa = PBXFileReference; lastKnownFileType = wrapper; name = KeychainWrapper; path = ../KeychainWrapper; sourceTree = "<group>"; };
		6490B44A2AF662BB007C8013 /* DebugView.swift */ = {isa = PBXFileReference; lastKnownFileType = sourcecode.swift; path = DebugView.swift; sourceTree = "<group>"; };
		6490B44D2AF66388007C8013 /* UIDevcie.Notifications.swift */ = {isa = PBXFileReference; lastKnownFileType = sourcecode.swift; path = UIDevcie.Notifications.swift; sourceTree = "<group>"; };
		6490B44F2AF663EA007C8013 /* UIWindow.Motion.swift */ = {isa = PBXFileReference; lastKnownFileType = sourcecode.swift; path = UIWindow.Motion.swift; sourceTree = "<group>"; };
		6490B4512AF66433007C8013 /* ShakeGestureViewModifier.swift */ = {isa = PBXFileReference; lastKnownFileType = sourcecode.swift; path = ShakeGestureViewModifier.swift; sourceTree = "<group>"; };
		6490B4532AF664FA007C8013 /* SwiftUI.View.ShakeGesture.Extension.swift */ = {isa = PBXFileReference; lastKnownFileType = sourcecode.swift; path = SwiftUI.View.ShakeGesture.Extension.swift; sourceTree = "<group>"; };
		64AC2FE62B1E3B6C003C56D0 /* Acorn */ = {isa = PBXFileReference; lastKnownFileType = wrapper; name = Acorn; path = ../Acorn; sourceTree = "<group>"; };
		695F72442ACF0F0800CC7606 /* Tomatos */ = {isa = PBXFileReference; lastKnownFileType = wrapper; name = Tomatos; path = ../Tomatos; sourceTree = "<group>"; };
/* End PBXFileReference section */

/* Begin PBXFrameworksBuildPhase section */
		64078B252A87B72A00877322 /* Frameworks */ = {
			isa = PBXFrameworksBuildPhase;
			buildActionMask = 2147483647;
			files = (
				6432E5572B9619D800C0A096 /* Onion in Frameworks */,
				6474DBE22B1B758400970C29 /* Utilities in Frameworks */,
				647505A92AA62C0600946955 /* Seller in Frameworks */,
				646063112AFED8ED006A4424 /* SweetBool in Frameworks */,
				646063132AFED8ED006A4424 /* SweetPredicate in Frameworks */,
				6474C02A2B07C6C8009903C6 /* SecretsStore in Frameworks */,
			);
			runOnlyForDeploymentPostprocessing = 0;
		};
		64078B352A87B72D00877322 /* Frameworks */ = {
			isa = PBXFrameworksBuildPhase;
			buildActionMask = 2147483647;
			files = (
				64151DF32AFFCB2A00FB68B5 /* Onion in Frameworks */,
				64151DEE2AFFC70700FB68B5 /* InlineSnapshotTesting in Frameworks */,
				64151DF02AFFC70700FB68B5 /* SnapshotTesting in Frameworks */,
			);
			runOnlyForDeploymentPostprocessing = 0;
		};
		64078B3F2A87B72D00877322 /* Frameworks */ = {
			isa = PBXFrameworksBuildPhase;
			buildActionMask = 2147483647;
			files = (
			);
			runOnlyForDeploymentPostprocessing = 0;
		};
/* End PBXFrameworksBuildPhase section */

/* Begin PBXGroup section */
		64078B1F2A87B72A00877322 = {
			isa = PBXGroup;
			children = (
				64AC2FE62B1E3B6C003C56D0 /* Acorn */,
				648B0B5C2ABF58CD00FD8C52 /* KeychainWrapper */,
				645D65812AA33D9F0087728A /* Lentil */,
				646AFC452AE84A49005B49B1 /* Lettuce */,
				646EA1A32AA34F72008745B2 /* SecretsStore */,
				64078B552A87B7C300877322 /* Seller */,
				695F72442ACF0F0800CC7606 /* Tomatos */,
				647FB0202ABE1CB300BF3053 /* Utilities */,
				64078B2A2A87B72B00877322 /* AlleSeller */,
				64078B3B2A87B72D00877322 /* AlleSellerTests */,
				64078B452A87B72D00877322 /* AlleSellerUITests */,
				64A4C5EF2AA33AFF00D78A17 /* Frameworks */,
				64078B292A87B72B00877322 /* Products */,
			);
			sourceTree = "<group>";
		};
		64078B292A87B72B00877322 /* Products */ = {
			isa = PBXGroup;
			children = (
				64078B282A87B72B00877322 /* AlleSeller.app */,
				64078B382A87B72D00877322 /* AlleSellerTests.xctest */,
				64078B422A87B72D00877322 /* AlleSellerUITests.xctest */,
			);
			name = Products;
			sourceTree = "<group>";
		};
		64078B2A2A87B72B00877322 /* AlleSeller */ = {
			isa = PBXGroup;
			children = (
				6469863C2AA659F6008D8916 /* Info.plist */,
				64078B2B2A87B72B00877322 /* AlleSellerApp.swift */,
				6481ED622B0C00AD005C0A4C /* AppEnvironment.swift */,
				64078B2F2A87B72D00877322 /* Assets.xcassets */,
				6474C0232B07C42F009903C6 /* _Secrets */,
				6490B4492AF66295007C8013 /* Debug */,
				6477BBC02AFAB5800024D672 /* Factories */,
				64078B312A87B72D00877322 /* Preview Content */,
			);
			path = AlleSeller;
			sourceTree = "<group>";
		};
		64078B312A87B72D00877322 /* Preview Content */ = {
			isa = PBXGroup;
			children = (
				64078B322A87B72D00877322 /* Preview Assets.xcassets */,
			);
			path = "Preview Content";
			sourceTree = "<group>";
		};
		64078B3B2A87B72D00877322 /* AlleSellerTests */ = {
			isa = PBXGroup;
			children = (
				64078B3C2A87B72D00877322 /* ApiClientFactoryTests.swift */,
			);
			path = AlleSellerTests;
			sourceTree = "<group>";
		};
		64078B452A87B72D00877322 /* AlleSellerUITests */ = {
			isa = PBXGroup;
			children = (
				64078B462A87B72D00877322 /* AlleSellerUITests.swift */,
				64078B482A87B72D00877322 /* AlleSellerUITestsLaunchTests.swift */,
			);
			path = AlleSellerUITests;
			sourceTree = "<group>";
		};
		64151DE72AFFA38A00FB68B5 /* InfoProviders */ = {
			isa = PBXGroup;
			children = (
				64151DE82AFFA39800FB68B5 /* DebugNetworkingInfoProvider.swift */,
			);
			path = InfoProviders;
			sourceTree = "<group>";
		};
		6474C0232B07C42F009903C6 /* _Secrets */ = {
			isa = PBXGroup;
			children = (
				6474C0242B07C42F009903C6 /* Secrets.swift */,
			);
			path = _Secrets;
			sourceTree = "<group>";
		};
		6477BBC02AFAB5800024D672 /* Factories */ = {
			isa = PBXGroup;
			children = (
				6477BBC12AFABC080024D672 /* ApiClientFactory.swift */,
				6481ED642B0C02EF005C0A4C /* SecretsStoreFactory.swift */,
			);
			path = Factories;
			sourceTree = "<group>";
		};
		64830E612AFD80D7002C4993 /* Global */ = {
			isa = PBXGroup;
			children = (
				6489C8F02B0D3B0000BDDACC /* DebugFeaturesModel.swift */,
				64151DEA2AFFC4C500FB68B5 /* DebugView.NetworkingRow.swift */,
				6490B44A2AF662BB007C8013 /* DebugView.swift */,
				64830E652AFD81A3002C4993 /* HeaderView.swift */,
				64830E632AFD8122002C4993 /* TextDetailRowView.swift */,
				64151DE72AFFA38A00FB68B5 /* InfoProviders */,
				64830E622AFD80E4002C4993 /* Networking */,
			);
			path = Global;
			sourceTree = "<group>";
		};
		64830E622AFD80E4002C4993 /* Networking */ = {
			isa = PBXGroup;
			children = (
				6477BBC62AFAE60F0024D672 /* NetworkingApiClientChooser.swift */,
				64830E672AFD8364002C4993 /* NetworkingConfigurationView.swift */,
			);
			path = Networking;
			sourceTree = "<group>";
		};
		6490B4492AF66295007C8013 /* Debug */ = {
			isa = PBXGroup;
			children = (
				64830E612AFD80D7002C4993 /* Global */,
				6490B44C2AF66357007C8013 /* ShakeGesture */,
			);
			path = Debug;
			sourceTree = "<group>";
		};
		6490B44C2AF66357007C8013 /* ShakeGesture */ = {
			isa = PBXGroup;
			children = (
				6490B4512AF66433007C8013 /* ShakeGestureViewModifier.swift */,
				6490B4532AF664FA007C8013 /* SwiftUI.View.ShakeGesture.Extension.swift */,
				6490B44D2AF66388007C8013 /* UIDevcie.Notifications.swift */,
				6490B44F2AF663EA007C8013 /* UIWindow.Motion.swift */,
			);
			path = ShakeGesture;
			sourceTree = "<group>";
		};
		64A4C5EF2AA33AFF00D78A17 /* Frameworks */ = {
			isa = PBXGroup;
			children = (
			);
			name = Frameworks;
			sourceTree = "<group>";
		};
/* End PBXGroup section */

/* Begin PBXNativeTarget section */
		64078B272A87B72A00877322 /* AlleSeller */ = {
			isa = PBXNativeTarget;
			buildConfigurationList = 64078B4C2A87B72D00877322 /* Build configuration list for PBXNativeTarget "AlleSeller" */;
			buildPhases = (
				64078B242A87B72A00877322 /* Sources */,
				64078B252A87B72A00877322 /* Frameworks */,
				64078B262A87B72A00877322 /* Resources */,
				647505AB2AA62C0600946955 /* Embed Frameworks */,
			);
			buildRules = (
			);
			dependencies = (
			);
			name = AlleSeller;
			packageProductDependencies = (
				647505A82AA62C0600946955 /* Seller */,
				646063102AFED8ED006A4424 /* SweetBool */,
				646063122AFED8ED006A4424 /* SweetPredicate */,
				6474C0292B07C6C8009903C6 /* SecretsStore */,
				6474DBE12B1B758400970C29 /* Utilities */,
				6432E5562B9619D800C0A096 /* Onion */,
			);
			productName = AlleSeller;
			productReference = 64078B282A87B72B00877322 /* AlleSeller.app */;
			productType = "com.apple.product-type.application";
		};
		64078B372A87B72D00877322 /* AlleSellerTests */ = {
			isa = PBXNativeTarget;
			buildConfigurationList = 64078B4F2A87B72D00877322 /* Build configuration list for PBXNativeTarget "AlleSellerTests" */;
			buildPhases = (
				64078B342A87B72D00877322 /* Sources */,
				64078B352A87B72D00877322 /* Frameworks */,
				64078B362A87B72D00877322 /* Resources */,
			);
			buildRules = (
			);
			dependencies = (
				64078B3A2A87B72D00877322 /* PBXTargetDependency */,
			);
			name = AlleSellerTests;
			packageProductDependencies = (
				64151DED2AFFC70700FB68B5 /* InlineSnapshotTesting */,
				64151DEF2AFFC70700FB68B5 /* SnapshotTesting */,
				64151DF22AFFCB2A00FB68B5 /* Onion */,
			);
			productName = AlleSellerTests;
			productReference = 64078B382A87B72D00877322 /* AlleSellerTests.xctest */;
			productType = "com.apple.product-type.bundle.unit-test";
		};
		64078B412A87B72D00877322 /* AlleSellerUITests */ = {
			isa = PBXNativeTarget;
			buildConfigurationList = 64078B522A87B72D00877322 /* Build configuration list for PBXNativeTarget "AlleSellerUITests" */;
			buildPhases = (
				64078B3E2A87B72D00877322 /* Sources */,
				64078B3F2A87B72D00877322 /* Frameworks */,
				64078B402A87B72D00877322 /* Resources */,
			);
			buildRules = (
			);
			dependencies = (
				64078B442A87B72D00877322 /* PBXTargetDependency */,
			);
			name = AlleSellerUITests;
			productName = AlleSellerUITests;
			productReference = 64078B422A87B72D00877322 /* AlleSellerUITests.xctest */;
			productType = "com.apple.product-type.bundle.ui-testing";
		};
/* End PBXNativeTarget section */

/* Begin PBXProject section */
		64078B202A87B72A00877322 /* Project object */ = {
			isa = PBXProject;
			attributes = {
				BuildIndependentTargetsInParallel = 1;
				LastSwiftUpdateCheck = 1500;
				LastUpgradeCheck = 1500;
				TargetAttributes = {
					64078B272A87B72A00877322 = {
						CreatedOnToolsVersion = 15.0;
					};
					64078B372A87B72D00877322 = {
						CreatedOnToolsVersion = 15.0;
						TestTargetID = 64078B272A87B72A00877322;
					};
					64078B412A87B72D00877322 = {
						CreatedOnToolsVersion = 15.0;
						TestTargetID = 64078B272A87B72A00877322;
					};
				};
			};
			buildConfigurationList = 64078B232A87B72A00877322 /* Build configuration list for PBXProject "AlleSeller" */;
			compatibilityVersion = "Xcode 14.0";
			developmentRegion = en;
			hasScannedForEncodings = 0;
			knownRegions = (
				en,
				Base,
			);
			mainGroup = 64078B1F2A87B72A00877322;
			packageReferences = (
				6460630F2AFED8ED006A4424 /* XCRemoteSwiftPackageReference "SweetBool" */,
				64151DEC2AFFC70700FB68B5 /* XCRemoteSwiftPackageReference "swift-snapshot-testing" */,
				6474C0282B07C6C8009903C6 /* XCLocalSwiftPackageReference "../SecretsStore" */,
				6432E5552B9619D800C0A096 /* XCRemoteSwiftPackageReference "Onion" */,
			);
			productRefGroup = 64078B292A87B72B00877322 /* Products */;
			projectDirPath = "";
			projectRoot = "";
			targets = (
				64078B272A87B72A00877322 /* AlleSeller */,
				64078B372A87B72D00877322 /* AlleSellerTests */,
				64078B412A87B72D00877322 /* AlleSellerUITests */,
			);
		};
/* End PBXProject section */

/* Begin PBXResourcesBuildPhase section */
		64078B262A87B72A00877322 /* Resources */ = {
			isa = PBXResourcesBuildPhase;
			buildActionMask = 2147483647;
			files = (
				64078B332A87B72D00877322 /* Preview Assets.xcassets in Resources */,
				64078B302A87B72D00877322 /* Assets.xcassets in Resources */,
			);
			runOnlyForDeploymentPostprocessing = 0;
		};
		64078B362A87B72D00877322 /* Resources */ = {
			isa = PBXResourcesBuildPhase;
			buildActionMask = 2147483647;
			files = (
			);
			runOnlyForDeploymentPostprocessing = 0;
		};
		64078B402A87B72D00877322 /* Resources */ = {
			isa = PBXResourcesBuildPhase;
			buildActionMask = 2147483647;
			files = (
			);
			runOnlyForDeploymentPostprocessing = 0;
		};
/* End PBXResourcesBuildPhase section */

/* Begin PBXSourcesBuildPhase section */
		64078B242A87B72A00877322 /* Sources */ = {
			isa = PBXSourcesBuildPhase;
			buildActionMask = 2147483647;
			files = (
				6490B4522AF66433007C8013 /* ShakeGestureViewModifier.swift in Sources */,
				6490B44B2AF662BB007C8013 /* DebugView.swift in Sources */,
				6481ED652B0C02EF005C0A4C /* SecretsStoreFactory.swift in Sources */,
				64151DE92AFFA39800FB68B5 /* DebugNetworkingInfoProvider.swift in Sources */,
				6490B44E2AF66388007C8013 /* UIDevcie.Notifications.swift in Sources */,
				6481ED632B0C00AD005C0A4C /* AppEnvironment.swift in Sources */,
				6477BBC22AFABC080024D672 /* ApiClientFactory.swift in Sources */,
				6490B4502AF663EA007C8013 /* UIWindow.Motion.swift in Sources */,
				64830E662AFD81A3002C4993 /* HeaderView.swift in Sources */,
				64830E682AFD8364002C4993 /* NetworkingConfigurationView.swift in Sources */,
				64078B2C2A87B72B00877322 /* AlleSellerApp.swift in Sources */,
				6489C8F12B0D3B0000BDDACC /* DebugFeaturesModel.swift in Sources */,
				6474C0252B07C46D009903C6 /* Secrets.swift in Sources */,
				6477BBC72AFAE60F0024D672 /* NetworkingApiClientChooser.swift in Sources */,
				64151DEB2AFFC4C500FB68B5 /* DebugView.NetworkingRow.swift in Sources */,
				64830E642AFD8122002C4993 /* TextDetailRowView.swift in Sources */,
				6490B4542AF664FA007C8013 /* SwiftUI.View.ShakeGesture.Extension.swift in Sources */,
			);
			runOnlyForDeploymentPostprocessing = 0;
		};
		64078B342A87B72D00877322 /* Sources */ = {
			isa = PBXSourcesBuildPhase;
			buildActionMask = 2147483647;
			files = (
				64078B3D2A87B72D00877322 /* ApiClientFactoryTests.swift in Sources */,
			);
			runOnlyForDeploymentPostprocessing = 0;
		};
		64078B3E2A87B72D00877322 /* Sources */ = {
			isa = PBXSourcesBuildPhase;
			buildActionMask = 2147483647;
			files = (
				64078B472A87B72D00877322 /* AlleSellerUITests.swift in Sources */,
				64078B492A87B72D00877322 /* AlleSellerUITestsLaunchTests.swift in Sources */,
			);
			runOnlyForDeploymentPostprocessing = 0;
		};
/* End PBXSourcesBuildPhase section */

/* Begin PBXTargetDependency section */
		64078B3A2A87B72D00877322 /* PBXTargetDependency */ = {
			isa = PBXTargetDependency;
			target = 64078B272A87B72A00877322 /* AlleSeller */;
			targetProxy = 64078B392A87B72D00877322 /* PBXContainerItemProxy */;
		};
		64078B442A87B72D00877322 /* PBXTargetDependency */ = {
			isa = PBXTargetDependency;
			target = 64078B272A87B72A00877322 /* AlleSeller */;
			targetProxy = 64078B432A87B72D00877322 /* PBXContainerItemProxy */;
		};
/* End PBXTargetDependency section */

/* Begin XCBuildConfiguration section */
		64078B4A2A87B72D00877322 /* Debug */ = {
			isa = XCBuildConfiguration;
			buildSettings = {
				ALWAYS_SEARCH_USER_PATHS = NO;
				ASSETCATALOG_COMPILER_GENERATE_SWIFT_ASSET_SYMBOL_EXTENSIONS = YES;
				CLANG_ANALYZER_NONNULL = YES;
				CLANG_ANALYZER_NUMBER_OBJECT_CONVERSION = YES_AGGRESSIVE;
				CLANG_CXX_LANGUAGE_STANDARD = "gnu++20";
				CLANG_ENABLE_MODULES = YES;
				CLANG_ENABLE_OBJC_ARC = YES;
				CLANG_ENABLE_OBJC_WEAK = YES;
				CLANG_WARN_BLOCK_CAPTURE_AUTORELEASING = YES;
				CLANG_WARN_BOOL_CONVERSION = YES;
				CLANG_WARN_COMMA = YES;
				CLANG_WARN_CONSTANT_CONVERSION = YES;
				CLANG_WARN_DEPRECATED_OBJC_IMPLEMENTATIONS = YES;
				CLANG_WARN_DIRECT_OBJC_ISA_USAGE = YES_ERROR;
				CLANG_WARN_DOCUMENTATION_COMMENTS = YES;
				CLANG_WARN_EMPTY_BODY = YES;
				CLANG_WARN_ENUM_CONVERSION = YES;
				CLANG_WARN_INFINITE_RECURSION = YES;
				CLANG_WARN_INT_CONVERSION = YES;
				CLANG_WARN_NON_LITERAL_NULL_CONVERSION = YES;
				CLANG_WARN_OBJC_IMPLICIT_RETAIN_SELF = YES;
				CLANG_WARN_OBJC_LITERAL_CONVERSION = YES;
				CLANG_WARN_OBJC_ROOT_CLASS = YES_ERROR;
				CLANG_WARN_QUOTED_INCLUDE_IN_FRAMEWORK_HEADER = YES;
				CLANG_WARN_RANGE_LOOP_ANALYSIS = YES;
				CLANG_WARN_STRICT_PROTOTYPES = YES;
				CLANG_WARN_SUSPICIOUS_MOVE = YES;
				CLANG_WARN_UNGUARDED_AVAILABILITY = YES_AGGRESSIVE;
				CLANG_WARN_UNREACHABLE_CODE = YES;
				CLANG_WARN__DUPLICATE_METHOD_MATCH = YES;
				COPY_PHASE_STRIP = NO;
				DEBUG_INFORMATION_FORMAT = dwarf;
				ENABLE_STRICT_OBJC_MSGSEND = YES;
				ENABLE_TESTABILITY = YES;
				ENABLE_USER_SCRIPT_SANDBOXING = YES;
				GCC_C_LANGUAGE_STANDARD = gnu17;
				GCC_DYNAMIC_NO_PIC = NO;
				GCC_NO_COMMON_BLOCKS = YES;
				GCC_OPTIMIZATION_LEVEL = 0;
				GCC_PREPROCESSOR_DEFINITIONS = (
					"DEBUG=1",
					"$(inherited)",
				);
				GCC_WARN_64_TO_32_BIT_CONVERSION = YES;
				GCC_WARN_ABOUT_RETURN_TYPE = YES_ERROR;
				GCC_WARN_UNDECLARED_SELECTOR = YES;
				GCC_WARN_UNINITIALIZED_AUTOS = YES_AGGRESSIVE;
				GCC_WARN_UNUSED_FUNCTION = YES;
				GCC_WARN_UNUSED_VARIABLE = YES;
				IPHONEOS_DEPLOYMENT_TARGET = 17.0;
				LOCALIZATION_PREFERS_STRING_CATALOGS = YES;
				MACOSX_DEPLOYMENT_TARGET = 14.4;
				MTL_ENABLE_DEBUG_INFO = INCLUDE_SOURCE;
				MTL_FAST_MATH = YES;
				ONLY_ACTIVE_ARCH = YES;
				SDKROOT = iphoneos;
				SWIFT_ACTIVE_COMPILATION_CONDITIONS = "DEBUG $(inherited)";
				SWIFT_OPTIMIZATION_LEVEL = "-Onone";
				SWIFT_STRICT_CONCURRENCY = complete;
			};
			name = Debug;
		};
		64078B4B2A87B72D00877322 /* Release */ = {
			isa = XCBuildConfiguration;
			buildSettings = {
				ALWAYS_SEARCH_USER_PATHS = NO;
				ASSETCATALOG_COMPILER_GENERATE_SWIFT_ASSET_SYMBOL_EXTENSIONS = YES;
				CLANG_ANALYZER_NONNULL = YES;
				CLANG_ANALYZER_NUMBER_OBJECT_CONVERSION = YES_AGGRESSIVE;
				CLANG_CXX_LANGUAGE_STANDARD = "gnu++20";
				CLANG_ENABLE_MODULES = YES;
				CLANG_ENABLE_OBJC_ARC = YES;
				CLANG_ENABLE_OBJC_WEAK = YES;
				CLANG_WARN_BLOCK_CAPTURE_AUTORELEASING = YES;
				CLANG_WARN_BOOL_CONVERSION = YES;
				CLANG_WARN_COMMA = YES;
				CLANG_WARN_CONSTANT_CONVERSION = YES;
				CLANG_WARN_DEPRECATED_OBJC_IMPLEMENTATIONS = YES;
				CLANG_WARN_DIRECT_OBJC_ISA_USAGE = YES_ERROR;
				CLANG_WARN_DOCUMENTATION_COMMENTS = YES;
				CLANG_WARN_EMPTY_BODY = YES;
				CLANG_WARN_ENUM_CONVERSION = YES;
				CLANG_WARN_INFINITE_RECURSION = YES;
				CLANG_WARN_INT_CONVERSION = YES;
				CLANG_WARN_NON_LITERAL_NULL_CONVERSION = YES;
				CLANG_WARN_OBJC_IMPLICIT_RETAIN_SELF = YES;
				CLANG_WARN_OBJC_LITERAL_CONVERSION = YES;
				CLANG_WARN_OBJC_ROOT_CLASS = YES_ERROR;
				CLANG_WARN_QUOTED_INCLUDE_IN_FRAMEWORK_HEADER = YES;
				CLANG_WARN_RANGE_LOOP_ANALYSIS = YES;
				CLANG_WARN_STRICT_PROTOTYPES = YES;
				CLANG_WARN_SUSPICIOUS_MOVE = YES;
				CLANG_WARN_UNGUARDED_AVAILABILITY = YES_AGGRESSIVE;
				CLANG_WARN_UNREACHABLE_CODE = YES;
				CLANG_WARN__DUPLICATE_METHOD_MATCH = YES;
				COPY_PHASE_STRIP = NO;
				DEBUG_INFORMATION_FORMAT = "dwarf-with-dsym";
				ENABLE_NS_ASSERTIONS = NO;
				ENABLE_STRICT_OBJC_MSGSEND = YES;
				ENABLE_USER_SCRIPT_SANDBOXING = YES;
				GCC_C_LANGUAGE_STANDARD = gnu17;
				GCC_NO_COMMON_BLOCKS = YES;
				GCC_WARN_64_TO_32_BIT_CONVERSION = YES;
				GCC_WARN_ABOUT_RETURN_TYPE = YES_ERROR;
				GCC_WARN_UNDECLARED_SELECTOR = YES;
				GCC_WARN_UNINITIALIZED_AUTOS = YES_AGGRESSIVE;
				GCC_WARN_UNUSED_FUNCTION = YES;
				GCC_WARN_UNUSED_VARIABLE = YES;
				IPHONEOS_DEPLOYMENT_TARGET = 17.0;
				LOCALIZATION_PREFERS_STRING_CATALOGS = YES;
				MACOSX_DEPLOYMENT_TARGET = 14.4;
				MTL_ENABLE_DEBUG_INFO = NO;
				MTL_FAST_MATH = YES;
				SDKROOT = iphoneos;
				SWIFT_COMPILATION_MODE = wholemodule;
				SWIFT_STRICT_CONCURRENCY = complete;
				VALIDATE_PRODUCT = YES;
			};
			name = Release;
		};
		64078B4D2A87B72D00877322 /* Debug */ = {
			isa = XCBuildConfiguration;
			buildSettings = {
				ASSETCATALOG_COMPILER_APPICON_NAME = AppIcon;
				ASSETCATALOG_COMPILER_GLOBAL_ACCENT_COLOR_NAME = AccentColor;
				CODE_SIGN_STYLE = Automatic;
				CURRENT_PROJECT_VERSION = 1;
				DEVELOPMENT_ASSET_PATHS = "\"AlleSeller/Preview Content\"";
				ENABLE_PREVIEWS = YES;
				GENERATE_INFOPLIST_FILE = YES;
				INFOPLIST_FILE = AlleSeller/Info.plist;
				INFOPLIST_KEY_UIApplicationSceneManifest_Generation = YES;
				INFOPLIST_KEY_UIApplicationSupportsIndirectInputEvents = YES;
				INFOPLIST_KEY_UILaunchScreen_Generation = YES;
				INFOPLIST_KEY_UISupportedInterfaceOrientations_iPad = "UIInterfaceOrientationPortrait UIInterfaceOrientationPortraitUpsideDown UIInterfaceOrientationLandscapeLeft UIInterfaceOrientationLandscapeRight";
				INFOPLIST_KEY_UISupportedInterfaceOrientations_iPhone = "UIInterfaceOrientationPortrait UIInterfaceOrientationLandscapeLeft UIInterfaceOrientationLandscapeRight";
				IPHONEOS_DEPLOYMENT_TARGET = 17.0;
				LD_RUNPATH_SEARCH_PATHS = (
					"$(inherited)",
					"@executable_path/Frameworks",
				);
				MACOSX_DEPLOYMENT_TARGET = 14.4;
				MARKETING_VERSION = 1.0;
				PRODUCT_BUNDLE_IDENTIFIER = lekko.techno.alleseller.AlleSeller;
				PRODUCT_NAME = "$(TARGET_NAME)";
				SUPPORTED_PLATFORMS = "iphoneos iphonesimulator macosx";
				SUPPORTS_MACCATALYST = NO;
				SUPPORTS_MAC_DESIGNED_FOR_IPHONE_IPAD = NO;
				SWIFT_EMIT_LOC_STRINGS = YES;
				SWIFT_VERSION = 5.0;
				TARGETED_DEVICE_FAMILY = "1,2";
			};
			name = Debug;
		};
		64078B4E2A87B72D00877322 /* Release */ = {
			isa = XCBuildConfiguration;
			buildSettings = {
				ASSETCATALOG_COMPILER_APPICON_NAME = AppIcon;
				ASSETCATALOG_COMPILER_GLOBAL_ACCENT_COLOR_NAME = AccentColor;
				CODE_SIGN_STYLE = Automatic;
				CURRENT_PROJECT_VERSION = 1;
				DEVELOPMENT_ASSET_PATHS = "\"AlleSeller/Preview Content\"";
				ENABLE_PREVIEWS = YES;
				GENERATE_INFOPLIST_FILE = YES;
				INFOPLIST_FILE = AlleSeller/Info.plist;
				INFOPLIST_KEY_UIApplicationSceneManifest_Generation = YES;
				INFOPLIST_KEY_UIApplicationSupportsIndirectInputEvents = YES;
				INFOPLIST_KEY_UILaunchScreen_Generation = YES;
				INFOPLIST_KEY_UISupportedInterfaceOrientations_iPad = "UIInterfaceOrientationPortrait UIInterfaceOrientationPortraitUpsideDown UIInterfaceOrientationLandscapeLeft UIInterfaceOrientationLandscapeRight";
				INFOPLIST_KEY_UISupportedInterfaceOrientations_iPhone = "UIInterfaceOrientationPortrait UIInterfaceOrientationLandscapeLeft UIInterfaceOrientationLandscapeRight";
				IPHONEOS_DEPLOYMENT_TARGET = 17.0;
				LD_RUNPATH_SEARCH_PATHS = (
					"$(inherited)",
					"@executable_path/Frameworks",
				);
				MACOSX_DEPLOYMENT_TARGET = 14.4;
				MARKETING_VERSION = 1.0;
				PRODUCT_BUNDLE_IDENTIFIER = lekko.techno.alleseller.AlleSeller;
				PRODUCT_NAME = "$(TARGET_NAME)";
				SUPPORTED_PLATFORMS = "iphoneos iphonesimulator macosx";
				SUPPORTS_MACCATALYST = NO;
				SUPPORTS_MAC_DESIGNED_FOR_IPHONE_IPAD = NO;
				SWIFT_EMIT_LOC_STRINGS = YES;
				SWIFT_VERSION = 5.0;
				TARGETED_DEVICE_FAMILY = "1,2";
			};
			name = Release;
		};
		64078B502A87B72D00877322 /* Debug */ = {
			isa = XCBuildConfiguration;
			buildSettings = {
				ALWAYS_EMBED_SWIFT_STANDARD_LIBRARIES = YES;
				BUNDLE_LOADER = "$(TEST_HOST)";
				CODE_SIGN_STYLE = Automatic;
				CURRENT_PROJECT_VERSION = 1;
				GENERATE_INFOPLIST_FILE = YES;
				IPHONEOS_DEPLOYMENT_TARGET = 17.0;
				MARKETING_VERSION = 1.0;
				PRODUCT_BUNDLE_IDENTIFIER = lekko.techno.alleseller.AlleSellerTests;
				PRODUCT_NAME = "$(TARGET_NAME)";
				SWIFT_EMIT_LOC_STRINGS = NO;
				SWIFT_VERSION = 5.0;
				TARGETED_DEVICE_FAMILY = "1,2";
				TEST_HOST = "$(BUILT_PRODUCTS_DIR)/AlleSeller.app/$(BUNDLE_EXECUTABLE_FOLDER_PATH)/AlleSeller";
			};
			name = Debug;
		};
		64078B512A87B72D00877322 /* Release */ = {
			isa = XCBuildConfiguration;
			buildSettings = {
				ALWAYS_EMBED_SWIFT_STANDARD_LIBRARIES = YES;
				BUNDLE_LOADER = "$(TEST_HOST)";
				CODE_SIGN_STYLE = Automatic;
				CURRENT_PROJECT_VERSION = 1;
				GENERATE_INFOPLIST_FILE = YES;
				IPHONEOS_DEPLOYMENT_TARGET = 17.0;
				MARKETING_VERSION = 1.0;
				PRODUCT_BUNDLE_IDENTIFIER = lekko.techno.alleseller.AlleSellerTests;
				PRODUCT_NAME = "$(TARGET_NAME)";
				SWIFT_EMIT_LOC_STRINGS = NO;
				SWIFT_VERSION = 5.0;
				TARGETED_DEVICE_FAMILY = "1,2";
				TEST_HOST = "$(BUILT_PRODUCTS_DIR)/AlleSeller.app/$(BUNDLE_EXECUTABLE_FOLDER_PATH)/AlleSeller";
			};
			name = Release;
		};
		64078B532A87B72D00877322 /* Debug */ = {
			isa = XCBuildConfiguration;
			buildSettings = {
				ALWAYS_EMBED_SWIFT_STANDARD_LIBRARIES = YES;
				CODE_SIGN_STYLE = Automatic;
				CURRENT_PROJECT_VERSION = 1;
				GENERATE_INFOPLIST_FILE = YES;
				MARKETING_VERSION = 1.0;
				PRODUCT_BUNDLE_IDENTIFIER = lekko.techno.alleseller.AlleSellerUITests;
				PRODUCT_NAME = "$(TARGET_NAME)";
				SWIFT_EMIT_LOC_STRINGS = NO;
				SWIFT_VERSION = 5.0;
				TARGETED_DEVICE_FAMILY = "1,2";
				TEST_TARGET_NAME = AlleSeller;
			};
			name = Debug;
		};
		64078B542A87B72D00877322 /* Release */ = {
			isa = XCBuildConfiguration;
			buildSettings = {
				ALWAYS_EMBED_SWIFT_STANDARD_LIBRARIES = YES;
				CODE_SIGN_STYLE = Automatic;
				CURRENT_PROJECT_VERSION = 1;
				GENERATE_INFOPLIST_FILE = YES;
				MARKETING_VERSION = 1.0;
				PRODUCT_BUNDLE_IDENTIFIER = lekko.techno.alleseller.AlleSellerUITests;
				PRODUCT_NAME = "$(TARGET_NAME)";
				SWIFT_EMIT_LOC_STRINGS = NO;
				SWIFT_VERSION = 5.0;
				TARGETED_DEVICE_FAMILY = "1,2";
				TEST_TARGET_NAME = AlleSeller;
			};
			name = Release;
		};
/* End XCBuildConfiguration section */

/* Begin XCConfigurationList section */
		64078B232A87B72A00877322 /* Build configuration list for PBXProject "AlleSeller" */ = {
			isa = XCConfigurationList;
			buildConfigurations = (
				64078B4A2A87B72D00877322 /* Debug */,
				64078B4B2A87B72D00877322 /* Release */,
			);
			defaultConfigurationIsVisible = 0;
			defaultConfigurationName = Release;
		};
		64078B4C2A87B72D00877322 /* Build configuration list for PBXNativeTarget "AlleSeller" */ = {
			isa = XCConfigurationList;
			buildConfigurations = (
				64078B4D2A87B72D00877322 /* Debug */,
				64078B4E2A87B72D00877322 /* Release */,
			);
			defaultConfigurationIsVisible = 0;
			defaultConfigurationName = Release;
		};
		64078B4F2A87B72D00877322 /* Build configuration list for PBXNativeTarget "AlleSellerTests" */ = {
			isa = XCConfigurationList;
			buildConfigurations = (
				64078B502A87B72D00877322 /* Debug */,
				64078B512A87B72D00877322 /* Release */,
			);
			defaultConfigurationIsVisible = 0;
			defaultConfigurationName = Release;
		};
		64078B522A87B72D00877322 /* Build configuration list for PBXNativeTarget "AlleSellerUITests" */ = {
			isa = XCConfigurationList;
			buildConfigurations = (
				64078B532A87B72D00877322 /* Debug */,
				64078B542A87B72D00877322 /* Release */,
			);
			defaultConfigurationIsVisible = 0;
			defaultConfigurationName = Release;
		};
/* End XCConfigurationList section */

/* Begin XCLocalSwiftPackageReference section */
		6474C0282B07C6C8009903C6 /* XCLocalSwiftPackageReference "../SecretsStore" */ = {
			isa = XCLocalSwiftPackageReference;
			relativePath = ../SecretsStore;
		};
/* End XCLocalSwiftPackageReference section */

/* Begin XCRemoteSwiftPackageReference section */
		64151DEC2AFFC70700FB68B5 /* XCRemoteSwiftPackageReference "swift-snapshot-testing" */ = {
			isa = XCRemoteSwiftPackageReference;
			repositoryURL = "https://github.com/pointfreeco/swift-snapshot-testing";
			requirement = {
				kind = upToNextMajorVersion;
				minimumVersion = 1.14.2;
			};
		};
		6432E5552B9619D800C0A096 /* XCRemoteSwiftPackageReference "Onion" */ = {
			isa = XCRemoteSwiftPackageReference;
			repositoryURL = "https://github.com/sloik/Onion";
			requirement = {
				branch = main;
				kind = branch;
			};
		};
		6460630F2AFED8ED006A4424 /* XCRemoteSwiftPackageReference "SweetBool" */ = {
			isa = XCRemoteSwiftPackageReference;
			repositoryURL = "https://github.com/sloik/SweetBool";
			requirement = {
				kind = upToNextMajorVersion;
				minimumVersion = 1.1.3;
			};
		};
/* End XCRemoteSwiftPackageReference section */

/* Begin XCSwiftPackageProductDependency section */
		64151DED2AFFC70700FB68B5 /* InlineSnapshotTesting */ = {
			isa = XCSwiftPackageProductDependency;
			package = 64151DEC2AFFC70700FB68B5 /* XCRemoteSwiftPackageReference "swift-snapshot-testing" */;
			productName = InlineSnapshotTesting;
		};
		64151DEF2AFFC70700FB68B5 /* SnapshotTesting */ = {
			isa = XCSwiftPackageProductDependency;
			package = 64151DEC2AFFC70700FB68B5 /* XCRemoteSwiftPackageReference "swift-snapshot-testing" */;
			productName = SnapshotTesting;
		};
		64151DF22AFFCB2A00FB68B5 /* Onion */ = {
			isa = XCSwiftPackageProductDependency;
			productName = Onion;
		};
		6432E5562B9619D800C0A096 /* Onion */ = {
			isa = XCSwiftPackageProductDependency;
			package = 6432E5552B9619D800C0A096 /* XCRemoteSwiftPackageReference "Onion" */;
			productName = Onion;
		};
		646063102AFED8ED006A4424 /* SweetBool */ = {
			isa = XCSwiftPackageProductDependency;
			package = 6460630F2AFED8ED006A4424 /* XCRemoteSwiftPackageReference "SweetBool" */;
			productName = SweetBool;
		};
		646063122AFED8ED006A4424 /* SweetPredicate */ = {
			isa = XCSwiftPackageProductDependency;
			package = 6460630F2AFED8ED006A4424 /* XCRemoteSwiftPackageReference "SweetBool" */;
			productName = SweetPredicate;
		};
		6474C0292B07C6C8009903C6 /* SecretsStore */ = {
			isa = XCSwiftPackageProductDependency;
			productName = SecretsStore;
		};
		6474DBE12B1B758400970C29 /* Utilities */ = {
			isa = XCSwiftPackageProductDependency;
			productName = Utilities;
		};
		647505A82AA62C0600946955 /* Seller */ = {
			isa = XCSwiftPackageProductDependency;
			productName = Seller;
		};
/* End XCSwiftPackageProductDependency section */
	};
	rootObject = 64078B202A87B72A00877322 /* Project object */;
}
