{
  "pins" : [
    {
      "identity" : "aliaswonderland",
      "kind" : "remoteSourceControl",
      "location" : "https://github.com/sloik/AliasWonderland.git",
      "state" : {
        "revision" : "a98ad1e32da510a3bb0fd0e80a1c29430aedcd6b",
        "version" : "3.5.11"
      }
    },
    {
      "identity" : "optionalapi",
      "kind" : "remoteSourceControl",
      "location" : "https://github.com/sloik/OptionalAPI.git",
      "state" : {
        "revision" : "1b6ff4a59b54e38f7b8e7cdfeda956cf7937eb3e",
        "version" : "5.1.0"
      }
    }
  ],
  "version" : 2
}
