{
  "pins" : [
    {
      "identity" : "aliaswonderland",
      "kind" : "remoteSourceControl",
      "location" : "https://github.com/sloik/AliasWonderland.git",
      "state" : {
        "revision" : "dd1724e10bbb49783583775419012d09954978a6",
        "version" : "3.6.0"
      }
    },
    {
      "identity" : "optionalapi",
      "kind" : "remoteSourceControl",
      "location" : "https://github.com/sloik/OptionalAPI.git",
      "state" : {
        "revision" : "3110da57769eae75456b6af0d6b91f2ac00bfd17",
        "version" : "5.1.1"
      }
    }
  ],
  "version" : 2
}
