{
  "pins" : [
    {
      "identity" : "aliaswonderland",
      "kind" : "remoteSourceControl",
      "location" : "https://github.com/sloik/AliasWonderland.git",
      "state" : {
        "revision" : "29951552c3b6265a8f1ef8904ca39a40f78b1ea6",
        "version" : "4.0.1"
      }
    },
    {
      "identity" : "eitherswift",
      "kind" : "remoteSourceControl",
      "location" : "https://github.com/sloik/EitherSwift.git",
      "state" : {
        "revision" : "938cc33fdcae663c1daf59e4d45ac11ab02608d7",
        "version" : "1.1.1"
      }
    },
    {
      "identity" : "extests",
      "kind" : "remoteSourceControl",
      "location" : "https://github.com/sloik/ExTests.git",
      "state" : {
        "revision" : "14884fa297fc7a450ceaf078fba50f6b12635fdf",
        "version" : "0.1.2"
      }
    },
    {
      "identity" : "funckeypath",
      "kind" : "remoteSourceControl",
      "location" : "https://github.com/sloik/FuncKeyPath.git",
      "state" : {
        "revision" : "e4e6fe23f132a8859df7e6579fb0f59b262a13e8",
        "version" : "1.0.0"
      }
    },
    {
      "identity" : "optionalapi",
      "kind" : "remoteSourceControl",
      "location" : "https://github.com/sloik/OptionalAPI.git",
      "state" : {
        "revision" : "ec30267576e00f36fdcd53f1d050abbfa8f716ec",
        "version" : "5.1.2"
      }
    },
    {
      "identity" : "sweetbool",
      "kind" : "remoteSourceControl",
      "location" : "https://github.com/sloik/SweetBool",
      "state" : {
        "revision" : "b3b4888e6fed9ce0e1b768349e2318d0e518624f",
        "version" : "1.1.3"
      }
    },
    {
      "identity" : "sweeturl",
      "kind" : "remoteSourceControl",
      "location" : "https://github.com/sloik/SweetURL.git",
      "state" : {
        "revision" : "68eda157c28a7215dfc5ec20785b60dbeb02e657",
        "version" : "0.0.7"
      }
    },
    {
      "identity" : "swift-http-types",
      "kind" : "remoteSourceControl",
      "location" : "https://github.com/apple/swift-http-types.git",
      "state" : {
        "revision" : "1827dc94bdab2eb5f2fc804e9b0cb43574282566",
        "version" : "1.0.2"
      }
    },
    {
      "identity" : "swift-snapshot-testing",
      "kind" : "remoteSourceControl",
      "location" : "https://github.com/pointfreeco/swift-snapshot-testing",
      "state" : {
        "revision" : "59b663f68e69f27a87b45de48cb63264b8194605",
        "version" : "1.15.1"
      }
    },
    {
      "identity" : "swift-syntax",
      "kind" : "remoteSourceControl",
      "location" : "https://github.com/apple/swift-syntax.git",
      "state" : {
        "revision" : "6ad4ea24b01559dde0773e3d091f1b9e36175036",
        "version" : "509.0.2"
      }
    },
    {
      "identity" : "zippy",
      "kind" : "remoteSourceControl",
      "location" : "https://github.com/sloik/Zippy.git",
      "state" : {
        "revision" : "98dbd266f8b38372ab73ddca1d5e6d05eb508927",
        "version" : "0.0.7"
      }
    }
  ],
  "version" : 2
}
